
Microsoft Visual Studio Solution File, Format Version 12.00
# Visual Studio Version 16
VisualStudioVersion = 16.0.32126.315
MinimumVisualStudioVersion = 10.0.40219.1
Project("{F14B399A-7131-4C87-9E4B-1186C45EF12D}") = "SSRS_GIT", "SSRS_GIT.rptproj", "{7C0C6C78-F70E-455B-B5F8-375177203EBC}"
EndProject
Global
	GlobalSection(SolutionConfigurationPlatforms) = preSolution
		Debug|Default = Debug|Default
		DebugLocal|Default = DebugLocal|Default
		Release|Default = Release|Default
	EndGlobalSection
	GlobalSection(ProjectConfigurationPlatforms) = postSolution
		{7C0C6C78-F70E-455B-B5F8-375177203EBC}.Debug|Default.ActiveCfg = Debug
		{7C0C6C78-F70E-455B-B5F8-375177203EBC}.Debug|Default.Build.0 = Debug
		{7C0C6C78-F70E-455B-B5F8-375177203EBC}.Debug|Default.Deploy.0 = Debug
		{7C0C6C78-F70E-455B-B5F8-375177203EBC}.DebugLocal|Default.ActiveCfg = DebugLocal
		{7C0C6C78-F70E-455B-B5F8-375177203EBC}.DebugLocal|Default.Build.0 = DebugLocal
		{7C0C6C78-F70E-455B-B5F8-375177203EBC}.Release|Default.ActiveCfg = Release
		{7C0C6C78-F70E-455B-B5F8-375177203EBC}.Release|Default.Build.0 = Release
		{7C0C6C78-F70E-455B-B5F8-375177203EBC}.Release|Default.Deploy.0 = Release
	EndGlobalSection
	GlobalSection(SolutionProperties) = preSolution
		HideSolutionNode = FALSE
	EndGlobalSection
	GlobalSection(ExtensibilityGlobals) = postSolution
		SolutionGuid = {C4ECE512-43B8-4D2D-AB09-2B9703FF8CC5}
	EndGlobalSection
EndGlobal
